// !$*UTF8*$!
{
	archiveVersion = 1;
	classes = {
	};
	objectVersion = 46;
	objects = {

/* Begin PBXBuildFile section */
		829AB44E1CECF65E003D4CB2 /* AppDelegate.swift in Sources */ = {isa = PBXBuildFile; fileRef = 829AB44D1CECF65E003D4CB2 /* AppDelegate.swift */; };
		829AB4501CECF65E003D4CB2 /* ViewController.swift in Sources */ = {isa = PBXBuildFile; fileRef = 829AB44F1CECF65E003D4CB2 /* ViewController.swift */; };
		829AB4531CECF65E003D4CB2 /* Main.storyboard in Resources */ = {isa = PBXBuildFile; fileRef = 829AB4511CECF65E003D4CB2 /* Main.storyboard */; };
		829AB4551CECF65E003D4CB2 /* Assets.xcassets in Resources */ = {isa = PBXBuildFile; fileRef = 829AB4541CECF65E003D4CB2 /* Assets.xcassets */; };
		829AB4581CECF65E003D4CB2 /* LaunchScreen.storyboard in Resources */ = {isa = PBXBuildFile; fileRef = 829AB4561CECF65E003D4CB2 /* LaunchScreen.storyboard */; };
/* End PBXBuildFile section */

/* Begin PBXFileReference section */
		829AB44A1CECF65D003D4CB2 /* Chart.app */ = {isa = PBXFileReference; explicitFileType = wrapper.application; includeInIndex = 0; path = Chart.app; sourceTree = BUILT_PRODUCTS_DIR; };
		829AB44D1CECF65E003D4CB2 /* AppDelegate.swift */ = {isa = PBXFileReference; lastKnownFileType = sourcecode.swift; path = AppDelegate.swift; sourceTree = "<group>"; };
		829AB44F1CECF65E003D4CB2 /* ViewController.swift */ = {isa = PBXFileReference; lastKnownFileType = sourcecode.swift; path = ViewController.swift; sourceTree = "<group>"; };
		829AB4521CECF65E003D4CB2 /* Base */ = {isa = PBXFileReference; lastKnownFileType = file.storyboard; name = Base; path = Base.lproj/Main.storyboard; sourceTree = "<group>"; };
		829AB4541CECF65E003D4CB2 /* Assets.xcassets */ = {isa = PBXFileReference; lastKnownFileType = folder.assetcatalog; path = Assets.xcassets; sourceTree = "<group>"; };
		829AB4571CECF65E003D4CB2 /* Base */ = {isa = PBXFileReference; lastKnownFileType = file.storyboard; name = Base; path = Base.lproj/LaunchScreen.storyboard; sourceTree = "<group>"; };
		829AB4591CECF65E003D4CB2 /* Info.plist */ = {isa = PBXFileReference; lastKnownFileType = text.plist.xml; path = Info.plist; sourceTree = "<group>"; };
/* End PBXFileReference section */

/* Begin PBXFrameworksBuildPhase section */
		829AB4471CECF65D003D4CB2 /* Frameworks */ = {
			isa = PBXFrameworksBuildPhase;
			buildActionMask = 2147483647;
			files = (
			);
			runOnlyForDeploymentPostprocessing = 0;
		};
/* End PBXFrameworksBuildPhase section */

/* Begin PBXGroup section */
		829AB4411CECF65D003D4CB2 = {
			isa = PBXGroup;
			children = (
				829AB44C1CECF65E003D4CB2 /* Chart */,
				829AB44B1CECF65D003D4CB2 /* Products */,
			);
			sourceTree = "<group>";
		};
		829AB44B1CECF65D003D4CB2 /* Products */ = {
			isa = PBXGroup;
			children = (
				829AB44A1CECF65D003D4CB2 /* Chart.app */,
			);
			name = Products;
			sourceTree = "<group>";
		};
		829AB44C1CECF65E003D4CB2 /* Chart */ = {
			isa = PBXGroup;
			children = (
				829AB44D1CECF65E003D4CB2 /* AppDelegate.swift */,
				829AB44F1CECF65E003D4CB2 /* ViewController.swift */,
				829AB4511CECF65E003D4CB2 /* Main.storyboard */,
				829AB4541CECF65E003D4CB2 /* Assets.xcassets */,
				829AB4561CECF65E003D4CB2 /* LaunchScreen.storyboard */,
				829AB4591CECF65E003D4CB2 /* Info.plist */,
			);
			path = Chart;
			sourceTree = "<group>";
		};
/* End PBXGroup section */

/* Begin PBXNativeTarget section */
		829AB4491CECF65D003D4CB2 /* Chart */ = {
			isa = PBXNativeTarget;
			buildConfigurationList = 829AB45C1CECF65E003D4CB2 /* Build configuration list for PBXNativeTarget "Chart" */;
			buildPhases = (
				829AB4461CECF65D003D4CB2 /* Sources */,
				829AB4471CECF65D003D4CB2 /* Frameworks */,
				829AB4481CECF65D003D4CB2 /* Resources */,
			);
			buildRules = (
			);
			dependencies = (
			);
			name = Chart;
			productName = Chart;
			productReference = 829AB44A1CECF65D003D4CB2 /* Chart.app */;
			productType = "com.apple.product-type.application";
		};
/* End PBXNativeTarget section */

/* Begin PBXProject section */
		829AB4421CECF65D003D4CB2 /* Project object */ = {
			isa = PBXProject;
			attributes = {
				LastSwiftUpdateCheck = 0730;
				LastUpgradeCheck = 0730;
				ORGANIZATIONNAME = alexfu;
				TargetAttributes = {
					829AB4491CECF65D003D4CB2 = {
						CreatedOnToolsVersion = 7.3;
					};
				};
			};
			buildConfigurationList = 829AB4451CECF65D003D4CB2 /* Build configuration list for PBXProject "Chart" */;
			compatibilityVersion = "Xcode 3.2";
			developmentRegion = English;
			hasScannedForEncodings = 0;
			knownRegions = (
				en,
				Base,
			);
			mainGroup = 829AB4411CECF65D003D4CB2;
			productRefGroup = 829AB44B1CECF65D003D4CB2 /* Products */;
			projectDirPath = "";
			projectRoot = "";
			targets = (
				829AB4491CECF65D003D4CB2 /* Chart */,
			);
		};
/* End PBXProject section */

/* Begin PBXResourcesBuildPhase section */
		829AB4481CECF65D003D4CB2 /* Resources */ = {
			isa = PBXResourcesBuildPhase;
			buildActionMask = 2147483647;
			files = (
				829AB4581CECF65E003D4CB2 /* LaunchScreen.storyboard in Resources */,
				829AB4551CECF65E003D4CB2 /* Assets.xcassets in Resources */,
				829AB4531CECF65E003D4CB2 /* Main.storyboard in Resources */,
			);
			runOnlyForDeploymentPostprocessing = 0;
		};
/* End PBXResourcesBuildPhase section */

/* Begin PBXSourcesBuildPhase section */
		829AB4461CECF65D003D4CB2 /* Sources */ = {
			isa = PBXSourcesBuildPhase;
			buildActionMask = 2147483647;
			files = (
				829AB4501CECF65E003D4CB2 /* ViewController.swift in Sources */,
				829AB44E1CECF65E003D4CB2 /* AppDelegate.swift in Sources */,
			);
			runOnlyForDeploymentPostprocessing = 0;
		};
/* End PBXSourcesBuildPhase section */

/* Begin PBXVariantGroup section */
		829AB4511CECF65E003D4CB2 /* Main.storyboard */ = {
			isa = PBXVariantGroup;
			children = (
				829AB4521CECF65E003D4CB2 /* Base */,
			);
			name = Main.storyboard;
			sourceTree = "<group>";
		};
		829AB4561CECF65E003D4CB2 /* LaunchScreen.storyboard */ = {
			isa = PBXVariantGroup;
			children = (
				829AB4571CECF65E003D4CB2 /* Base */,
			);
			name = LaunchScreen.storyboard;
			sourceTree = "<group>";
		};
/* End PBXVariantGroup section */

/* Begin XCBuildConfiguration section */
		829AB45A1CECF65E003D4CB2 /* Debug */ = {
			isa = XCBuildConfiguration;
			buildSettings = {
				ALWAYS_SEARCH_USER_PATHS = NO;
				CLANG_ANALYZER_NONNULL = YES;
				CLANG_CXX_LANGUAGE_STANDARD = "gnu++0x";
				CLANG_CXX_LIBRARY = "libc++";
				CLANG_ENABLE_MODULES = YES;
				CLANG_ENABLE_OBJC_ARC = YES;
				CLANG_WARN_BOOL_CONVERSION = YES;
				CLANG_WARN_CONSTANT_CONVERSION = YES;
				CLANG_WARN_DIRECT_OBJC_ISA_USAGE = YES_ERROR;
				CLANG_WARN_EMPTY_BODY = YES;
				CLANG_WARN_ENUM_CONVERSION = YES;
				CLANG_WARN_INT_CONVERSION = YES;
				CLANG_WARN_OBJC_ROOT_CLASS = YES_ERROR;
				CLANG_WARN_UNREACHABLE_CODE = YES;
				CLANG_WARN__DUPLICATE_METHOD_MATCH = YES;
				"CODE_SIGN_IDENTITY[sdk=iphoneos*]" = "iPhone Developer";
				COPY_PHASE_STRIP = NO;
				DEBUG_INFORMATION_FORMAT = dwarf;
				ENABLE_STRICT_OBJC_MSGSEND = YES;
				ENABLE_TESTABILITY = YES;
				GCC_C_LANGUAGE_STANDARD = gnu99;
				GCC_DYNAMIC_NO_PIC = NO;
				GCC_NO_COMMON_BLOCKS = YES;
				GCC_OPTIMIZATION_LEVEL = 0;
				GCC_PREPROCESSOR_DEFINITIONS = (
					"DEBUG=1",
					"$(inherited)",
				);
				GCC_WARN_64_TO_32_BIT_CONVERSION = YES;
				GCC_WARN_ABOUT_RETURN_TYPE = YES_ERROR;
				GCC_WARN_UNDECLARED_SELECTOR = YES;
				GCC_WARN_UNINITIALIZED_AUTOS = YES_AGGRESSIVE;
				GCC_WARN_UNUSED_FUNCTION = YES;
				GCC_WARN_UNUSED_VARIABLE = YES;
				IPHONEOS_DEPLOYMENT_TARGET = 9.3;
				MTL_ENABLE_DEBUG_INFO = YES;
				ONLY_ACTIVE_ARCH = YES;
				SDKROOT = iphoneos;
				SWIFT_OPTIMIZATION_LEVEL = "-Onone";
			};
			name = Debug;
		};
		829AB45B1CECF65E003D4CB2 /* Release */ = {
			isa = XCBuildConfiguration;
			buildSettings = {
				ALWAYS_SEARCH_USER_PATHS = NO;
				CLANG_ANALYZER_NONNULL = YES;
				CLANG_CXX_LANGUAGE_STANDARD = "gnu++0x";
				CLANG_CXX_LIBRARY = "libc++";
				CLANG_ENABLE_MODULES = YES;
				CLANG_ENABLE_OBJC_ARC = YES;
				CLANG_WARN_BOOL_CONVERSION = YES;
				CLANG_WARN_CONSTANT_CONVERSION = YES;
				CLANG_WARN_DIRECT_OBJC_ISA_USAGE = YES_ERROR;
				CLANG_WARN_EMPTY_BODY = YES;
				CLANG_WARN_ENUM_CONVERSION = YES;
				CLANG_WARN_INT_CONVERSION = YES;
				CLANG_WARN_OBJC_ROOT_CLASS = YES_ERROR;
				CLANG_WARN_UNREACHABLE_CODE = YES;
				CLANG_WARN__DUPLICATE_METHOD_MATCH = YES;
				"CODE_SIGN_IDENTITY[sdk=iphoneos*]" = "iPhone Developer";
				COPY_PHASE_STRIP = NO;
				DEBUG_INFORMATION_FORMAT = "dwarf-with-dsym";
				ENABLE_NS_ASSERTIONS = NO;
				ENABLE_STRICT_OBJC_MSGSEND = YES;
				GCC_C_LANGUAGE_STANDARD = gnu99;
				GCC_NO_COMMON_BLOCKS = YES;
				GCC_WARN_64_TO_32_BIT_CONVERSION = YES;
				GCC_WARN_ABOUT_RETURN_TYPE = YES_ERROR;
				GCC_WARN_UNDECLARED_SELECTOR = YES;
				GCC_WARN_UNINITIALIZED_AUTOS = YES_AGGRESSIVE;
				GCC_WARN_UNUSED_FUNCTION = YES;
				GCC_WARN_UNUSED_VARIABLE = YES;
				IPHONEOS_DEPLOYMENT_TARGET = 9.3;
				MTL_ENABLE_DEBUG_INFO = NO;
				SDKROOT = iphoneos;
				VALIDATE_PRODUCT = YES;
			};
			name = Release;
		};
		829AB45D1CECF65E003D4CB2 /* Debug */ = {
			isa = XCBuildConfiguration;
			buildSettings = {
				ASSETCATALOG_COMPILER_APPICON_NAME = AppIcon;
				INFOPLIST_FILE = Chart/Info.plist;
				LD_RUNPATH_SEARCH_PATHS = "$(inherited) @executable_path/Frameworks";
				PRODUCT_BUNDLE_IDENTIFIER = com.alexfu.codetest3.Chart;
				PRODUCT_NAME = "$(TARGET_NAME)";
			};
			name = Debug;
		};
		829AB45E1CECF65E003D4CB2 /* Release */ = {
			isa = XCBuildConfiguration;
			buildSettings = {
				ASSETCATALOG_COMPILER_APPICON_NAME = AppIcon;
				INFOPLIST_FILE = Chart/Info.plist;
				LD_RUNPATH_SEARCH_PATHS = "$(inherited) @executable_path/Frameworks";
				PRODUCT_BUNDLE_IDENTIFIER = com.alexfu.codetest3.Chart;
				PRODUCT_NAME = "$(TARGET_NAME)";
			};
			name = Release;
		};
/* End XCBuildConfiguration section */

/* Begin XCConfigurationList section */
		829AB4451CECF65D003D4CB2 /* Build configuration list for PBXProject "Chart" */ = {
			isa = XCConfigurationList;
			buildConfigurations = (
				829AB45A1CECF65E003D4CB2 /* Debug */,
				829AB45B1CECF65E003D4CB2 /* Release */,
			);
			defaultConfigurationIsVisible = 0;
			defaultConfigurationName = Release;
		};
		829AB45C1CECF65E003D4CB2 /* Build configuration list for PBXNativeTarget "Chart" */ = {
			isa = XCConfigurationList;
			buildConfigurations = (
				829AB45D1CECF65E003D4CB2 /* Debug */,
				829AB45E1CECF65E003D4CB2 /* Release */,
			);
			defaultConfigurationIsVisible = 0;
		};
/* End XCConfigurationList section */
	};
	rootObject = 829AB4421CECF65D003D4CB2 /* Project object */;
}
